
Microsoft Visual Studio Solution File, Format Version 12.00
# Visual Studio 15
VisualStudioVersion = 15.0.27703.2035
MinimumVisualStudioVersion = 10.0.40219.1
Project("{FAE04EC0-301F-11D3-BF4B-00C04F79EFBC}") = "CheckCredit", "CheckCredit\CheckCredit.csproj", "{73CF1B03-0AD0-477B-BAFA-E031B088D1AA}"
EndProject
Global
	GlobalSection(SolutionConfigurationPlatforms) = preSolution
		Debug|Any CPU = Debug|Any CPU
		Release|Any CPU = Release|Any CPU
	EndGlobalSection
	GlobalSection(ProjectConfigurationPlatforms) = postSolution
		{73CF1B03-0AD0-477B-BAFA-E031B088D1AA}.Debug|Any CPU.ActiveCfg = Debug|Any CPU
		{73CF1B03-0AD0-477B-BAFA-E031B088D1AA}.Debug|Any CPU.Build.0 = Debug|Any CPU
		{73CF1B03-0AD0-477B-BAFA-E031B088D1AA}.Release|Any CPU.ActiveCfg = Release|Any CPU
		{73CF1B03-0AD0-477B-BAFA-E031B088D1AA}.Release|Any CPU.Build.0 = Release|Any CPU
	EndGlobalSection
	GlobalSection(SolutionProperties) = preSolution
		HideSolutionNode = FALSE
	EndGlobalSection
	GlobalSection(ExtensibilityGlobals) = postSolution
		SolutionGuid = {912B0108-B55A-47F1-99DE-F9D70315CB03}
	EndGlobalSection
EndGlobal
