
Microsoft Visual Studio Solution File, Format Version 12.00
# Visual Studio 15
VisualStudioVersion = 15.0.27703.2035
MinimumVisualStudioVersion = 10.0.40219.1
Project("{FAE04EC0-301F-11D3-BF4B-00C04F79EFBC}") = "If Else Quiz", "If Else Quiz\If Else Quiz.csproj", "{5B9CAA9B-523B-4E92-8E4D-5DF86B5A969E}"
EndProject
Global
	GlobalSection(SolutionConfigurationPlatforms) = preSolution
		Debug|Any CPU = Debug|Any CPU
		Release|Any CPU = Release|Any CPU
	EndGlobalSection
	GlobalSection(ProjectConfigurationPlatforms) = postSolution
		{5B9CAA9B-523B-4E92-8E4D-5DF86B5A969E}.Debug|Any CPU.ActiveCfg = Debug|Any CPU
		{5B9CAA9B-523B-4E92-8E4D-5DF86B5A969E}.Debug|Any CPU.Build.0 = Debug|Any CPU
		{5B9CAA9B-523B-4E92-8E4D-5DF86B5A969E}.Release|Any CPU.ActiveCfg = Release|Any CPU
		{5B9CAA9B-523B-4E92-8E4D-5DF86B5A969E}.Release|Any CPU.Build.0 = Release|Any CPU
	EndGlobalSection
	GlobalSection(SolutionProperties) = preSolution
		HideSolutionNode = FALSE
	EndGlobalSection
	GlobalSection(ExtensibilityGlobals) = postSolution
		SolutionGuid = {629F23E5-5FC7-431F-9D95-ED54975884E9}
	EndGlobalSection
EndGlobal
